
Microsoft Visual Studio Solution File, Format Version 12.00
# Visual Studio Version 17
VisualStudioVersion = 17.14.36414.22
MinimumVisualStudioVersion = 10.0.40219.1
Project("{2150E333-8FDC-42A3-9474-1A3956D46DE8}") = "Task0", "Task0", "{02EA681E-C7D8-13C7-8484-4AC65E1B71E8}"
EndProject
Project("{FAE04EC0-301F-11D3-BF4B-00C04F79EFBC}") = "Tyuiu.NesterenkoVV.Sprint0.Task0.V0", "Tyuiu.NesterenkoVV.Sprint0.Task0.V0\Tyuiu.NesterenkoVV.Sprint0.Task0.V0.csproj", "{F7E84501-5936-4C27-A917-D918A49E5BF4}"
EndProject
Project("{2150E333-8FDC-42A3-9474-1A3956D46DE8}") = "Task1", "Task1", "{912088FD-B19C-4593-8EBE-58C49F0AEA0F}"
EndProject
Project("{FAE04EC0-301F-11D3-BF4B-00C04F79EFBC}") = "Tyuiu.NesterenkoVV.Sprint0.Task1.V0", "Tyuiu.NesterenkoVV.Sprint0.Task1.V0\Tyuiu.NesterenkoVV.Sprint0.Task1.V0.csproj", "{FCCD9268-8AF3-4CC3-8926-19218AD85B93}"
EndProject
Project("{2150E333-8FDC-42A3-9474-1A3956D46DE8}") = "Task2", "Task2", "{715A9B03-47BB-48B3-8B70-0FFF5A94922C}"
EndProject
Project("{FAE04EC0-301F-11D3-BF4B-00C04F79EFBC}") = "Tyuiu.NesterenkoVV.Sprint0.Task2.V0", "Tyuiu.NesterenkoVV.Sprint0.Task2.V0\Tyuiu.NesterenkoVV.Sprint0.Task2.V0.csproj", "{B6F2086C-2099-4258-8091-F41AA121FCC9}"
EndProject
Project("{FAE04EC0-301F-11D3-BF4B-00C04F79EFBC}") = "Tyuiu.NesterenkoVV.Sprint0.Task2.V0.Lib", "Tyuiu.NesterenkoVV.Sprint0.Task2.V0.Lib\Tyuiu.NesterenkoVV.Sprint0.Task2.V0.Lib.csproj", "{BF8110D9-BAA4-4D43-8265-53BECEDAEA55}"
EndProject
Project("{FAE04EC0-301F-11D3-BF4B-00C04F79EFBC}") = "Tyuiu.NesterenkoVV.Sprint0.Task2.V0.Test", "Tyuiu.NesterenkoVV.Sprint0.Task2.V0.Test\Tyuiu.NesterenkoVV.Sprint0.Task2.V0.Test.csproj", "{8016A760-4A75-4BC0-88E7-0F2188505425}"
EndProject
Project("{2150E333-8FDC-42A3-9474-1A3956D46DE8}") = "Task3", "Task3", "{A12E98AF-18B3-469C-A47A-673AC131459D}"
EndProject
Project("{FAE04EC0-301F-11D3-BF4B-00C04F79EFBC}") = "Tyuiu.NesterenkoVV.Sprint0.Task3.V0", "Tyuiu.NesterenkoVV.Sprint0.Task3.V0\Tyuiu.NesterenkoVV.Sprint0.Task3.V0.csproj", "{35B57D72-3511-4A67-800F-6EE1B54AF5CF}"
EndProject
Project("{FAE04EC0-301F-11D3-BF4B-00C04F79EFBC}") = "Tyuiu.NesterenkoVV.Sprint0.Task3.V0.Test", "Tyuiu.NesterenkoVV.Sprint0.Task3.V0.Test\Tyuiu.NesterenkoVV.Sprint0.Task3.V0.Test.csproj", "{7E10D262-B45B-4EFE-9F62-48E45D14132B}"
EndProject
Project("{FAE04EC0-301F-11D3-BF4B-00C04F79EFBC}") = "Tyuiu.NesterenkoVV.Sprint0.Task3.V0.Lib", "Tyuiu.NesterenkoVV.Sprint0.Task3.V0.Lib\Tyuiu.NesterenkoVV.Sprint0.Task3.V0.Lib.csproj", "{2564E02F-4AAA-49EC-99F4-020AE8D2FF31}"
EndProject
Project("{2150E333-8FDC-42A3-9474-1A3956D46DE8}") = "Task4", "Task4", "{FF8539BA-703B-49B6-A978-BD8B1875C72A}"
EndProject
Project("{FAE04EC0-301F-11D3-BF4B-00C04F79EFBC}") = "Tyuiu.NesterenkoVV.Sprint0.Task4.V0", "Tyuiu.NesterenkoVV.Sprint0.Task4.V0\Tyuiu.NesterenkoVV.Sprint0.Task4.V0.csproj", "{BBFE5086-A9B7-4657-95ED-4AB498DFA5B4}"
EndProject
Project("{FAE04EC0-301F-11D3-BF4B-00C04F79EFBC}") = "Tyuiu.NesterenkoVV.Sprint0.Task4.V0.Lib", "Tyuiu.NesterenkoVV.Sprint0.Task4.V0.Lib\Tyuiu.NesterenkoVV.Sprint0.Task4.V0.Lib.csproj", "{0C037167-F649-461D-9260-00BCC50F7656}"
EndProject
Project("{FAE04EC0-301F-11D3-BF4B-00C04F79EFBC}") = "Tyuiu.NesterenkoVV.Sprint0.Task4.V0.Test", "Tyuiu.NesterenkoVV.Sprint0.Task4.V0.Test\Tyuiu.NesterenkoVV.Sprint0.Task4.V0.Test.csproj", "{BDFE0A36-6C62-4A01-A497-5D25256B5462}"
EndProject
Project("{2150E333-8FDC-42A3-9474-1A3956D46DE8}") = "Task5", "Task5", "{E422F4A2-F948-404B-9B20-59E62392C10C}"
EndProject
Project("{FAE04EC0-301F-11D3-BF4B-00C04F79EFBC}") = "Tyuiu.NesterenkoVV.Sprint0.Task5.V0", "Tyuiu.NesterenkoVV.Sprint0.Task5.V0\Tyuiu.NesterenkoVV.Sprint0.Task5.V0.csproj", "{8CEBC777-F81A-43DD-9EFE-804AFAA241E4}"
EndProject
Project("{FAE04EC0-301F-11D3-BF4B-00C04F79EFBC}") = "Tyuiu.NesterenkoVV.Sprint0.Task5.V0.Lib", "Tyuiu.NesterenkoVV.Sprint0.Task5.V0.Lib\Tyuiu.NesterenkoVV.Sprint0.Task5.V0.Lib.csproj", "{8102AB05-00F1-42CC-B709-F707601C09A6}"
EndProject
Project("{FAE04EC0-301F-11D3-BF4B-00C04F79EFBC}") = "Tyuiu.NesterenkoVV.Sprint0.Task5.V0.Test", "Tyuiu.NesterenkoVV.Sprint0.Task5.V0.Test\Tyuiu.NesterenkoVV.Sprint0.Task5.V0.Test.csproj", "{AD33AC09-CA9E-477B-A7FA-9AC829DACC07}"
EndProject
Global
	GlobalSection(SolutionConfigurationPlatforms) = preSolution
		Debug|Any CPU = Debug|Any CPU
		Release|Any CPU = Release|Any CPU
	EndGlobalSection
	GlobalSection(ProjectConfigurationPlatforms) = postSolution
		{F7E84501-5936-4C27-A917-D918A49E5BF4}.Debug|Any CPU.ActiveCfg = Debug|Any CPU
		{F7E84501-5936-4C27-A917-D918A49E5BF4}.Debug|Any CPU.Build.0 = Debug|Any CPU
		{F7E84501-5936-4C27-A917-D918A49E5BF4}.Release|Any CPU.ActiveCfg = Release|Any CPU
		{F7E84501-5936-4C27-A917-D918A49E5BF4}.Release|Any CPU.Build.0 = Release|Any CPU
		{FCCD9268-8AF3-4CC3-8926-19218AD85B93}.Debug|Any CPU.ActiveCfg = Debug|Any CPU
		{FCCD9268-8AF3-4CC3-8926-19218AD85B93}.Debug|Any CPU.Build.0 = Debug|Any CPU
		{FCCD9268-8AF3-4CC3-8926-19218AD85B93}.Release|Any CPU.ActiveCfg = Release|Any CPU
		{FCCD9268-8AF3-4CC3-8926-19218AD85B93}.Release|Any CPU.Build.0 = Release|Any CPU
		{B6F2086C-2099-4258-8091-F41AA121FCC9}.Debug|Any CPU.ActiveCfg = Debug|Any CPU
		{B6F2086C-2099-4258-8091-F41AA121FCC9}.Debug|Any CPU.Build.0 = Debug|Any CPU
		{B6F2086C-2099-4258-8091-F41AA121FCC9}.Release|Any CPU.ActiveCfg = Release|Any CPU
		{B6F2086C-2099-4258-8091-F41AA121FCC9}.Release|Any CPU.Build.0 = Release|Any CPU
		{BF8110D9-BAA4-4D43-8265-53BECEDAEA55}.Debug|Any CPU.ActiveCfg = Debug|Any CPU
		{BF8110D9-BAA4-4D43-8265-53BECEDAEA55}.Debug|Any CPU.Build.0 = Debug|Any CPU
		{BF8110D9-BAA4-4D43-8265-53BECEDAEA55}.Release|Any CPU.ActiveCfg = Release|Any CPU
		{BF8110D9-BAA4-4D43-8265-53BECEDAEA55}.Release|Any CPU.Build.0 = Release|Any CPU
		{8016A760-4A75-4BC0-88E7-0F2188505425}.Debug|Any CPU.ActiveCfg = Debug|Any CPU
		{8016A760-4A75-4BC0-88E7-0F2188505425}.Debug|Any CPU.Build.0 = Debug|Any CPU
		{8016A760-4A75-4BC0-88E7-0F2188505425}.Release|Any CPU.ActiveCfg = Release|Any CPU
		{8016A760-4A75-4BC0-88E7-0F2188505425}.Release|Any CPU.Build.0 = Release|Any CPU
		{35B57D72-3511-4A67-800F-6EE1B54AF5CF}.Debug|Any CPU.ActiveCfg = Debug|Any CPU
		{35B57D72-3511-4A67-800F-6EE1B54AF5CF}.Debug|Any CPU.Build.0 = Debug|Any CPU
		{35B57D72-3511-4A67-800F-6EE1B54AF5CF}.Release|Any CPU.ActiveCfg = Release|Any CPU
		{35B57D72-3511-4A67-800F-6EE1B54AF5CF}.Release|Any CPU.Build.0 = Release|Any CPU
		{7E10D262-B45B-4EFE-9F62-48E45D14132B}.Debug|Any CPU.ActiveCfg = Debug|Any CPU
		{7E10D262-B45B-4EFE-9F62-48E45D14132B}.Debug|Any CPU.Build.0 = Debug|Any CPU
		{7E10D262-B45B-4EFE-9F62-48E45D14132B}.Release|Any CPU.ActiveCfg = Release|Any CPU
		{7E10D262-B45B-4EFE-9F62-48E45D14132B}.Release|Any CPU.Build.0 = Release|Any CPU
		{2564E02F-4AAA-49EC-99F4-020AE8D2FF31}.Debug|Any CPU.ActiveCfg = Debug|Any CPU
		{2564E02F-4AAA-49EC-99F4-020AE8D2FF31}.Debug|Any CPU.Build.0 = Debug|Any CPU
		{2564E02F-4AAA-49EC-99F4-020AE8D2FF31}.Release|Any CPU.ActiveCfg = Release|Any CPU
		{2564E02F-4AAA-49EC-99F4-020AE8D2FF31}.Release|Any CPU.Build.0 = Release|Any CPU
		{BBFE5086-A9B7-4657-95ED-4AB498DFA5B4}.Debug|Any CPU.ActiveCfg = Debug|Any CPU
		{BBFE5086-A9B7-4657-95ED-4AB498DFA5B4}.Debug|Any CPU.Build.0 = Debug|Any CPU
		{BBFE5086-A9B7-4657-95ED-4AB498DFA5B4}.Release|Any CPU.ActiveCfg = Release|Any CPU
		{BBFE5086-A9B7-4657-95ED-4AB498DFA5B4}.Release|Any CPU.Build.0 = Release|Any CPU
		{0C037167-F649-461D-9260-00BCC50F7656}.Debug|Any CPU.ActiveCfg = Debug|Any CPU
		{0C037167-F649-461D-9260-00BCC50F7656}.Debug|Any CPU.Build.0 = Debug|Any CPU
		{0C037167-F649-461D-9260-00BCC50F7656}.Release|Any CPU.ActiveCfg = Release|Any CPU
		{0C037167-F649-461D-9260-00BCC50F7656}.Release|Any CPU.Build.0 = Release|Any CPU
		{BDFE0A36-6C62-4A01-A497-5D25256B5462}.Debug|Any CPU.ActiveCfg = Debug|Any CPU
		{BDFE0A36-6C62-4A01-A497-5D25256B5462}.Debug|Any CPU.Build.0 = Debug|Any CPU
		{BDFE0A36-6C62-4A01-A497-5D25256B5462}.Release|Any CPU.ActiveCfg = Release|Any CPU
		{BDFE0A36-6C62-4A01-A497-5D25256B5462}.Release|Any CPU.Build.0 = Release|Any CPU
		{8CEBC777-F81A-43DD-9EFE-804AFAA241E4}.Debug|Any CPU.ActiveCfg = Debug|Any CPU
		{8CEBC777-F81A-43DD-9EFE-804AFAA241E4}.Debug|Any CPU.Build.0 = Debug|Any CPU
		{8CEBC777-F81A-43DD-9EFE-804AFAA241E4}.Release|Any CPU.ActiveCfg = Release|Any CPU
		{8CEBC777-F81A-43DD-9EFE-804AFAA241E4}.Release|Any CPU.Build.0 = Release|Any CPU
		{8102AB05-00F1-42CC-B709-F707601C09A6}.Debug|Any CPU.ActiveCfg = Debug|Any CPU
		{8102AB05-00F1-42CC-B709-F707601C09A6}.Debug|Any CPU.Build.0 = Debug|Any CPU
		{8102AB05-00F1-42CC-B709-F707601C09A6}.Release|Any CPU.ActiveCfg = Release|Any CPU
		{8102AB05-00F1-42CC-B709-F707601C09A6}.Release|Any CPU.Build.0 = Release|Any CPU
		{AD33AC09-CA9E-477B-A7FA-9AC829DACC07}.Debug|Any CPU.ActiveCfg = Debug|Any CPU
		{AD33AC09-CA9E-477B-A7FA-9AC829DACC07}.Debug|Any CPU.Build.0 = Debug|Any CPU
		{AD33AC09-CA9E-477B-A7FA-9AC829DACC07}.Release|Any CPU.ActiveCfg = Release|Any CPU
		{AD33AC09-CA9E-477B-A7FA-9AC829DACC07}.Release|Any CPU.Build.0 = Release|Any CPU
	EndGlobalSection
	GlobalSection(SolutionProperties) = preSolution
		HideSolutionNode = FALSE
	EndGlobalSection
	GlobalSection(NestedProjects) = preSolution
		{F7E84501-5936-4C27-A917-D918A49E5BF4} = {02EA681E-C7D8-13C7-8484-4AC65E1B71E8}
		{FCCD9268-8AF3-4CC3-8926-19218AD85B93} = {912088FD-B19C-4593-8EBE-58C49F0AEA0F}
		{B6F2086C-2099-4258-8091-F41AA121FCC9} = {715A9B03-47BB-48B3-8B70-0FFF5A94922C}
		{BF8110D9-BAA4-4D43-8265-53BECEDAEA55} = {715A9B03-47BB-48B3-8B70-0FFF5A94922C}
		{8016A760-4A75-4BC0-88E7-0F2188505425} = {715A9B03-47BB-48B3-8B70-0FFF5A94922C}
		{35B57D72-3511-4A67-800F-6EE1B54AF5CF} = {A12E98AF-18B3-469C-A47A-673AC131459D}
		{7E10D262-B45B-4EFE-9F62-48E45D14132B} = {A12E98AF-18B3-469C-A47A-673AC131459D}
		{2564E02F-4AAA-49EC-99F4-020AE8D2FF31} = {A12E98AF-18B3-469C-A47A-673AC131459D}
		{BBFE5086-A9B7-4657-95ED-4AB498DFA5B4} = {FF8539BA-703B-49B6-A978-BD8B1875C72A}
		{0C037167-F649-461D-9260-00BCC50F7656} = {FF8539BA-703B-49B6-A978-BD8B1875C72A}
		{BDFE0A36-6C62-4A01-A497-5D25256B5462} = {FF8539BA-703B-49B6-A978-BD8B1875C72A}
		{8CEBC777-F81A-43DD-9EFE-804AFAA241E4} = {E422F4A2-F948-404B-9B20-59E62392C10C}
		{8102AB05-00F1-42CC-B709-F707601C09A6} = {E422F4A2-F948-404B-9B20-59E62392C10C}
		{AD33AC09-CA9E-477B-A7FA-9AC829DACC07} = {E422F4A2-F948-404B-9B20-59E62392C10C}
	EndGlobalSection
	GlobalSection(ExtensibilityGlobals) = postSolution
		SolutionGuid = {481F9E1C-FF04-4200-B85B-F518AB5A998E}
	EndGlobalSection
EndGlobal
