
Microsoft Visual Studio Solution File, Format Version 12.00
# Visual Studio Version 17
VisualStudioVersion = 17.14.36414.22 d17.14
MinimumVisualStudioVersion = 10.0.40219.1
Project("{2150E333-8FDC-42A3-9474-1A3956D46DE8}") = "Task0", "Task0", "{02EA681E-C7D8-13C7-8484-4AC65E1B71E8}"
EndProject
Project("{FAE04EC0-301F-11D3-BF4B-00C04F79EFBC}") = "Tyuiu.NesterenkoVV.Sprint0.Task0.V0", "Tyuiu.NesterenkoVV.Sprint0.Task0.V0\Tyuiu.NesterenkoVV.Sprint0.Task0.V0.csproj", "{F7E84501-5936-4C27-A917-D918A49E5BF4}"
EndProject
Project("{2150E333-8FDC-42A3-9474-1A3956D46DE8}") = "Task1", "Task1", "{912088FD-B19C-4593-8EBE-58C49F0AEA0F}"
EndProject
Project("{FAE04EC0-301F-11D3-BF4B-00C04F79EFBC}") = "Tyuiu.NesterenkoVV.Sprint0.Task1.V0", "Tyuiu.NesterenkoVV.Sprint0.Task1.V0\Tyuiu.NesterenkoVV.Sprint0.Task1.V0.csproj", "{FCCD9268-8AF3-4CC3-8926-19218AD85B93}"
EndProject
Global
	GlobalSection(SolutionConfigurationPlatforms) = preSolution
		Debug|Any CPU = Debug|Any CPU
		Release|Any CPU = Release|Any CPU
	EndGlobalSection
	GlobalSection(ProjectConfigurationPlatforms) = postSolution
		{F7E84501-5936-4C27-A917-D918A49E5BF4}.Debug|Any CPU.ActiveCfg = Debug|Any CPU
		{F7E84501-5936-4C27-A917-D918A49E5BF4}.Debug|Any CPU.Build.0 = Debug|Any CPU
		{F7E84501-5936-4C27-A917-D918A49E5BF4}.Release|Any CPU.ActiveCfg = Release|Any CPU
		{F7E84501-5936-4C27-A917-D918A49E5BF4}.Release|Any CPU.Build.0 = Release|Any CPU
		{FCCD9268-8AF3-4CC3-8926-19218AD85B93}.Debug|Any CPU.ActiveCfg = Debug|Any CPU
		{FCCD9268-8AF3-4CC3-8926-19218AD85B93}.Debug|Any CPU.Build.0 = Debug|Any CPU
		{FCCD9268-8AF3-4CC3-8926-19218AD85B93}.Release|Any CPU.ActiveCfg = Release|Any CPU
		{FCCD9268-8AF3-4CC3-8926-19218AD85B93}.Release|Any CPU.Build.0 = Release|Any CPU
	EndGlobalSection
	GlobalSection(SolutionProperties) = preSolution
		HideSolutionNode = FALSE
	EndGlobalSection
	GlobalSection(NestedProjects) = preSolution
		{F7E84501-5936-4C27-A917-D918A49E5BF4} = {02EA681E-C7D8-13C7-8484-4AC65E1B71E8}
		{FCCD9268-8AF3-4CC3-8926-19218AD85B93} = {912088FD-B19C-4593-8EBE-58C49F0AEA0F}
	EndGlobalSection
	GlobalSection(ExtensibilityGlobals) = postSolution
		SolutionGuid = {481F9E1C-FF04-4200-B85B-F518AB5A998E}
	EndGlobalSection
EndGlobal
